
Microsoft Visual Studio Solution File, Format Version 12.00
# Visual Studio Version 17
VisualStudioVersion = 17.9.34616.47
MinimumVisualStudioVersion = 10.0.40219.1
Project("{FAE04EC0-301F-11D3-BF4B-00C04F79EFBC}") = "Intro", "Intro\Intro.csproj", "{58D5874D-2008-4579-9954-4510216DBC70}"
EndProject
Global
	GlobalSection(SolutionConfigurationPlatforms) = preSolution
		Debug|Any CPU = Debug|Any CPU
		Release|Any CPU = Release|Any CPU
	EndGlobalSection
	GlobalSection(ProjectConfigurationPlatforms) = postSolution
		{58D5874D-2008-4579-9954-4510216DBC70}.Debug|Any CPU.ActiveCfg = Debug|Any CPU
		{58D5874D-2008-4579-9954-4510216DBC70}.Debug|Any CPU.Build.0 = Debug|Any CPU
		{58D5874D-2008-4579-9954-4510216DBC70}.Release|Any CPU.ActiveCfg = Release|Any CPU
		{58D5874D-2008-4579-9954-4510216DBC70}.Release|Any CPU.Build.0 = Release|Any CPU
	EndGlobalSection
	GlobalSection(SolutionProperties) = preSolution
		HideSolutionNode = FALSE
	EndGlobalSection
	GlobalSection(ExtensibilityGlobals) = postSolution
		SolutionGuid = {D09D63E8-A27C-4652-BFF8-CE6F225A808A}
	EndGlobalSection
EndGlobal
